{
  "name": "editor-central-servicos-amargosa",
  "version": "0.7.2",
  "lockfileVersion": 3,
  "requires": true,
  "packages": {
    "": {
      "name": "editor-central-servicos-amargosa",
      "version": "0.7.2",
      "dependencies": {
        "central-editor-runtime": "file:runtime"
      }
    },
    "node_modules/central-editor-runtime": {
      "resolved": "runtime",
      "link": true
    },
    "runtime": {
      "name": "central-editor-runtime",
      "version": "0.1.0"
    }
  }
}
